# This file is automatically @generated by Cargo.
# It is not intended for manual editing.
[[package]]
name = "ed25519"
version = "1.0.1"
dependencies = [
 "signature",
]

[[package]]
name = "ed25519_no_std"
version = "0.1.0"
dependencies = [
 "ed25519",
]

[[package]]
name = "signature"
version = "1.2.2"
source = "registry+https://github.com/rust-lang/crates.io-index"
checksum = "29f060a7d147e33490ec10da418795238fd7545bba241504d6b31a409f2e6210"
